
Microsoft Visual Studio Solution File, Format Version 12.00
# Visual Studio Version 17
VisualStudioVersion = 17.10.35122.118
MinimumVisualStudioVersion = 10.0.40219.1
Project("{FAE04EC0-301F-11D3-BF4B-00C04F79EFBC}") = "OOP Task4", "OOP Task4.csproj", "{49E9F855-7099-4C89-9A05-654C235F7851}"
EndProject
Global
	GlobalSection(SolutionConfigurationPlatforms) = preSolution
		Debug|Any CPU = Debug|Any CPU
		Release|Any CPU = Release|Any CPU
	EndGlobalSection
	GlobalSection(ProjectConfigurationPlatforms) = postSolution
		{49E9F855-7099-4C89-9A05-654C235F7851}.Debug|Any CPU.ActiveCfg = Debug|Any CPU
		{49E9F855-7099-4C89-9A05-654C235F7851}.Debug|Any CPU.Build.0 = Debug|Any CPU
		{49E9F855-7099-4C89-9A05-654C235F7851}.Release|Any CPU.ActiveCfg = Release|Any CPU
		{49E9F855-7099-4C89-9A05-654C235F7851}.Release|Any CPU.Build.0 = Release|Any CPU
	EndGlobalSection
	GlobalSection(SolutionProperties) = preSolution
		HideSolutionNode = FALSE
	EndGlobalSection
	GlobalSection(ExtensibilityGlobals) = postSolution
		SolutionGuid = {5BCDDD40-FD37-428B-B0A2-B2E79E6D2341}
	EndGlobalSection
EndGlobal
